
Microsoft Visual Studio Solution File, Format Version 12.00
# Visual Studio Version 17
VisualStudioVersion = 17.0.32014.148
MinimumVisualStudioVersion = 10.0.40219.1
Project("{FAE04EC0-301F-11D3-BF4B-00C04F79EFBC}") = "2_Lesson", "2_Lesson\2_Lesson.csproj", "{9E39873C-210E-4839-8452-5384702FABB3}"
EndProject
Global
	GlobalSection(SolutionConfigurationPlatforms) = preSolution
		Debug|Any CPU = Debug|Any CPU
		Release|Any CPU = Release|Any CPU
	EndGlobalSection
	GlobalSection(ProjectConfigurationPlatforms) = postSolution
		{9E39873C-210E-4839-8452-5384702FABB3}.Debug|Any CPU.ActiveCfg = Debug|Any CPU
		{9E39873C-210E-4839-8452-5384702FABB3}.Debug|Any CPU.Build.0 = Debug|Any CPU
		{9E39873C-210E-4839-8452-5384702FABB3}.Release|Any CPU.ActiveCfg = Release|Any CPU
		{9E39873C-210E-4839-8452-5384702FABB3}.Release|Any CPU.Build.0 = Release|Any CPU
	EndGlobalSection
	GlobalSection(SolutionProperties) = preSolution
		HideSolutionNode = FALSE
	EndGlobalSection
	GlobalSection(ExtensibilityGlobals) = postSolution
		SolutionGuid = {1D9DFB10-F199-4E2F-AC5D-A26C99BD5D26}
	EndGlobalSection
EndGlobal
